
Microsoft Visual Studio Solution File, Format Version 12.00
# Visual Studio Version 17
VisualStudioVersion = 17.7.34018.315
MinimumVisualStudioVersion = 10.0.40219.1
Project("{FAE04EC0-301F-11D3-BF4B-00C04F79EFBC}") = "Report", "Report\Report.csproj", "{34CCB52A-9C40-4C79-B0D8-890E53F9F229}"
EndProject
Global
	GlobalSection(SolutionConfigurationPlatforms) = preSolution
		Debug|Any CPU = Debug|Any CPU
		Release|Any CPU = Release|Any CPU
	EndGlobalSection
	GlobalSection(ProjectConfigurationPlatforms) = postSolution
		{34CCB52A-9C40-4C79-B0D8-890E53F9F229}.Debug|Any CPU.ActiveCfg = Debug|Any CPU
		{34CCB52A-9C40-4C79-B0D8-890E53F9F229}.Debug|Any CPU.Build.0 = Debug|Any CPU
		{34CCB52A-9C40-4C79-B0D8-890E53F9F229}.Release|Any CPU.ActiveCfg = Release|Any CPU
		{34CCB52A-9C40-4C79-B0D8-890E53F9F229}.Release|Any CPU.Build.0 = Release|Any CPU
	EndGlobalSection
	GlobalSection(SolutionProperties) = preSolution
		HideSolutionNode = FALSE
	EndGlobalSection
	GlobalSection(ExtensibilityGlobals) = postSolution
		SolutionGuid = {28F199D8-E065-45C3-A852-F2687533F82F}
	EndGlobalSection
EndGlobal
